<?xml version="1.0" encoding="utf-8"?>
<Project ToolsVersion="4.0" xmlns="http://schemas.microsoft.com/developer/msbuild/2003">
  <ItemGroup>
    <Filter Include="Source Files">
      <UniqueIdentifier>{4FC737F1-C7A5-4376-A066-2A32D752A2FF}</UniqueIdentifier>
      <Extensions>cpp;c;cc;cxx;def;odl;idl;hpj;bat;asm;asmx</Extensions>
    </Filter>
    <Filter Include="Header Files">
      <UniqueIdentifier>{93995380-89BD-4b04-88EB-625FBE52EBFB}</UniqueIdentifier>
      <Extensions>h;hpp;hxx;hm;inl;inc;xsd</Extensions>
    </Filter>
    <Filter Include="Resource Files">
      <UniqueIdentifier>{67DA6AB6-F800-4c08-8B7A-83BB121AAD01}</UniqueIdentifier>
      <Extensions>rc;ico;cur;bmp;dlg;rc2;rct;bin;rgs;gif;jpg;jpeg;jpe;resx;tiff;tif;png;wav;mfcribbon-ms</Extensions>
    </Filter>
  </ItemGroup>
  <ItemGroup>
    <ClCompile Include="Utils\IO\FileReader.cpp">
      <Filter>Source Files</Filter>
    </ClCompile>
    <ClCompile Include="Utils\IO\FileWriter.cpp">
      <Filter>Source Files</Filter>
    </ClCompile>
    <ClCompile Include="Utils\GL\GLUtils.cpp">
      <Filter>Source Files</Filter>
    </ClCompile>
    <ClCompile Include="Utils\Log\Logger.cpp">
      <Filter>Source Files</Filter>
    </ClCompile>
    <ClCompile Include="Core\System.cpp">
      <Filter>Source Files</Filter>
    </ClCompile>
    <ClCompile Include="OpenGL\gl_core_4_4.c">
      <Filter>Source Files</Filter>
    </ClCompile>
    <ClCompile Include="Utils\Math\PrimeSearch.cpp">
      <Filter>Source Files</Filter>
    </ClCompile>
    <ClCompile Include="Utils\Math\RandomGenerator.cpp">
      <Filter>Source Files</Filter>
    </ClCompile>
    <ClCompile Include="Utils\Memory\MemoryPool.cpp">
      <Filter>Source Files</Filter>
    </ClCompile>
    <ClCompile Include="Utils\Memory\MemoryAllocator.cpp">
      <Filter>Source Files</Filter>
    </ClCompile>
    <ClCompile Include="Render\Shaders\Types\AbstractShader.cpp">
      <Filter>Source Files</Filter>
    </ClCompile>
    <ClCompile Include="Render\Shaders\Types\FragmentShader.cpp">
      <Filter>Source Files</Filter>
    </ClCompile>
    <ClCompile Include="Render\Shaders\Types\GeometryShader.cpp">
      <Filter>Source Files</Filter>
    </ClCompile>
    <ClCompile Include="Render\Shaders\Types\VertexShader.cpp">
      <Filter>Source Files</Filter>
    </ClCompile>
    <ClCompile Include="Render\Shaders\ShaderFactory.cpp">
      <Filter>Source Files</Filter>
    </ClCompile>
    <ClCompile Include="Render\Shaders\ShaderProgram.cpp">
      <Filter>Source Files</Filter>
    </ClCompile>
    <ClCompile Include="Render\Fonts\FontFactory.cpp">
      <Filter>Source Files</Filter>
    </ClCompile>
    <ClCompile Include="Render\FrameBuffers\FrameBuffer.cpp">
      <Filter>Source Files</Filter>
    </ClCompile>
    <ClCompile Include="Render\FrameBuffers\FrameBufferFactory.cpp">
      <Filter>Source Files</Filter>
    </ClCompile>
    <ClCompile Include="Render\Models\Assimp\AssimpModel.cpp">
      <Filter>Source Files</Filter>
    </ClCompile>
    <ClCompile Include="Render\Models\Assimp\AssimpModelFactory.cpp">
      <Filter>Source Files</Filter>
    </ClCompile>
    <ClCompile Include="Render\Models\MD2\MD2ModelFactory.cpp">
      <Filter>Source Files</Filter>
    </ClCompile>
    <ClCompile Include="Render\SkyBoxes\SkyBox.cpp">
      <Filter>Source Files</Filter>
    </ClCompile>
    <ClCompile Include="Render\SkyBoxes\SkyBoxFactory.cpp">
      <Filter>Source Files</Filter>
    </ClCompile>
    <ClCompile Include="Render\Textures\TextureFactory.cpp">
      <Filter>Source Files</Filter>
    </ClCompile>
    <ClCompile Include="Render\Particles\ParticleSystemTransformFeedback.cpp">
      <Filter>Source Files</Filter>
    </ClCompile>
    <ClCompile Include="Render\Models\MD2\MD2Model.cpp">
      <Filter>Source Files</Filter>
    </ClCompile>
    <ClCompile Include="Core\Threading\Thread.cpp">
      <Filter>Source Files</Filter>
    </ClCompile>
    <ClCompile Include="Render\Fonts\FreeTypeFont\FreeTypeFont.cpp">
      <Filter>Source Files</Filter>
    </ClCompile>
    <ClCompile Include="Render\Fonts\SimpleFont\SimpleFont.cpp">
      <Filter>Source Files</Filter>
    </ClCompile>
    <ClCompile Include="Render\Fonts\AbstractFont.cpp">
      <Filter>Source Files</Filter>
    </ClCompile>
    <ClCompile Include="Core\Config\AbstractConfig.cpp">
      <Filter>Source Files</Filter>
    </ClCompile>
    <ClCompile Include="Render\Shaders\Types\TesselationControlShader.cpp">
      <Filter>Source Files</Filter>
    </ClCompile>
    <ClCompile Include="Render\Shaders\Types\TesselationEvaluationShader.cpp">
      <Filter>Source Files</Filter>
    </ClCompile>
    <ClCompile Include="Render\Shaders\Types\ComputeShader.cpp">
      <Filter>Source Files</Filter>
    </ClCompile>
    <ClCompile Include="Render\Models\Static\AbstractDrawableObject.cpp">
      <Filter>Source Files</Filter>
    </ClCompile>
    <ClCompile Include="Render\Models\Static\Cube.cpp">
      <Filter>Source Files</Filter>
    </ClCompile>
    <ClCompile Include="Render\Models\Static\CubeStaticData.cpp">
      <Filter>Source Files</Filter>
    </ClCompile>
    <ClCompile Include="Render\Models\Static\Cylinder.cpp">
      <Filter>Source Files</Filter>
    </ClCompile>
    <ClCompile Include="Render\Models\Static\Plane.cpp">
      <Filter>Source Files</Filter>
    </ClCompile>
    <ClCompile Include="Render\Models\Static\Sphere.cpp">
      <Filter>Source Files</Filter>
    </ClCompile>
    <ClCompile Include="Render\Models\Static\Teapot.cpp">
      <Filter>Source Files</Filter>
    </ClCompile>
    <ClCompile Include="Render\Models\Static\Torus.cpp">
      <Filter>Source Files</Filter>
    </ClCompile>
    <ClCompile Include="Render\Models\ObjModels\ObjModel.cpp">
      <Filter>Source Files</Filter>
    </ClCompile>
    <ClCompile Include="Render\Models\ObjModels\ObjModelFactory.cpp">
      <Filter>Source Files</Filter>
    </ClCompile>
    <ClCompile Include="Core\Engines\Config\EngineConfig.cpp">
      <Filter>Source Files</Filter>
    </ClCompile>
    <ClCompile Include="Core\Engines\Config\SceneItemConfig.cpp">
      <Filter>Source Files</Filter>
    </ClCompile>
    <ClCompile Include="Core\Engines\AbstractEngine.cpp">
      <Filter>Source Files</Filter>
    </ClCompile>
    <ClCompile Include="Render\Frustums\ViewFrustum.cpp">
      <Filter>Source Files</Filter>
    </ClCompile>
    <ClCompile Include="Render\HeightMaps\HeightMap.cpp">
      <Filter>Source Files</Filter>
    </ClCompile>
    <ClCompile Include="Render\Cameras\FlyingCamera.cpp">
      <Filter>Source Files</Filter>
    </ClCompile>
    <ClCompile Include="Render\Cameras\WalkingCamera.cpp">
      <Filter>Source Files</Filter>
    </ClCompile>
    <ClCompile Include="Render\VertexBufferObjects\VertexBufferObject.cpp">
      <Filter>Source Files</Filter>
    </ClCompile>
    <ClCompile Include="Audio\AudioContext.cpp">
      <Filter>Source Files</Filter>
    </ClCompile>
    <ClCompile Include="Audio\Sound.cpp">
      <Filter>Source Files</Filter>
    </ClCompile>
    <ClCompile Include="Audio\SoundFactory.cpp">
      <Filter>Source Files</Filter>
    </ClCompile>
    <ClCompile Include="Scripting\LuaAPIHelper.cpp">
      <Filter>Source Files</Filter>
    </ClCompile>
    <ClCompile Include="Scripting\Scriptor.cpp">
      <Filter>Source Files</Filter>
    </ClCompile>
    <ClCompile Include="Render\Picking\ColorPicking.cpp">
      <Filter>Source Files</Filter>
    </ClCompile>
    <ClCompile Include="Render\Picking\RayCastingPicking.cpp">
      <Filter>Source Files</Filter>
    </ClCompile>
    <ClCompile Include="Render\HeightMaps\HeightMapFactory.cpp">
      <Filter>Source Files</Filter>
    </ClCompile>
    <ClCompile Include="Utils\Memory\MemoryUtil.cpp">
      <Filter>Source Files</Filter>
    </ClCompile>
    <ClCompile Include="Core\Engines\Config\OpenGLConfig.cpp">
      <Filter>Source Files</Filter>
    </ClCompile>
    <ClCompile Include="Core\Threading\STLThread.cpp">
      <Filter>Source Files</Filter>
    </ClCompile>
    <ClCompile Include="Utils\Time\Timers\Timer.cpp">
      <Filter>Source Files</Filter>
    </ClCompile>
    <ClCompile Include="Utils\Serialization\Json\JsonSerializer.cpp">
      <Filter>Source Files</Filter>
    </ClCompile>
    <ClCompile Include="Network\TCP\TCPClientSocket.cpp">
      <Filter>Source Files</Filter>
    </ClCompile>
    <ClCompile Include="Network\TCP\TCPStreamClient.cpp">
      <Filter>Source Files</Filter>
    </ClCompile>
    <ClCompile Include="Network\Commands\NetworkCommandFactory.cpp">
      <Filter>Source Files</Filter>
    </ClCompile>
    <ClCompile Include="Utils\Network\HostToIPUtil.cpp">
      <Filter>Source Files</Filter>
    </ClCompile>
    <ClCompile Include="Render\Effects\Fog.cpp">
      <Filter>Source Files</Filter>
    </ClCompile>
    <ClCompile Include="Render\Lightning\DirectionalLight.cpp">
      <Filter>Source Files</Filter>
    </ClCompile>
    <ClCompile Include="Render\Lightning\Material.cpp">
      <Filter>Source Files</Filter>
    </ClCompile>
    <ClCompile Include="Render\Lightning\PointLight.cpp">
      <Filter>Source Files</Filter>
    </ClCompile>
    <ClCompile Include="Render\Lightning\SpotLight.cpp">
      <Filter>Source Files</Filter>
    </ClCompile>
    <ClCompile Include="Render\Lightning\AbstractLight.cpp">
      <Filter>Source Files</Filter>
    </ClCompile>
    <ClCompile Include="Utils\Render\RenderUtil.cpp">
      <Filter>Source Files</Filter>
    </ClCompile>
    <ClCompile Include="Render\Models\MD2\AnimationType.cpp">
      <Filter>Source Files</Filter>
    </ClCompile>
    <ClCompile Include="Inputs\Core\Input.cpp">
      <Filter>Source Files</Filter>
    </ClCompile>
    <ClCompile Include="Inputs\Keyboards\KeyboardInputComponent.cpp">
      <Filter>Source Files</Filter>
    </ClCompile>
    <ClCompile Include="Inputs\Mouses\MouseInputComponent.cpp">
      <Filter>Source Files</Filter>
    </ClCompile>
    <ClCompile Include="Inputs\InputFacade.cpp">
      <Filter>Source Files</Filter>
    </ClCompile>
    <ClCompile Include="Render\Effects\Shadows.cpp">
      <Filter>Source Files</Filter>
    </ClCompile>
    <ClCompile Include="Utils\IO\File.cpp">
      <Filter>Source Files</Filter>
    </ClCompile>
    <ClCompile Include="Render\Picking\Ray.cpp">
      <Filter>Source Files</Filter>
    </ClCompile>
    <ClCompile Include="Render\Models\Static\Line.cpp">
      <Filter>Source Files</Filter>
    </ClCompile>
    <ClCompile Include="Render\Textures\Texture.cpp">
      <Filter>Source Files</Filter>
    </ClCompile>
    <ClCompile Include="Render\Models\Static\Quad.cpp">
      <Filter>Source Files</Filter>
    </ClCompile>
    <ClCompile Include="Render\Models\MD5\MD5Model.cpp">
      <Filter>Source Files</Filter>
    </ClCompile>
    <ClCompile Include="Render\Models\MD5\MD5ModelFactory.cpp">
      <Filter>Source Files</Filter>
    </ClCompile>
    <ClCompile Include="Utils\StringUtils.cpp">
      <Filter>Source Files</Filter>
    </ClCompile>
    <ClCompile Include="Render\Shaders\ShaderProgramBuilder.cpp">
      <Filter>Source Files</Filter>
    </ClCompile>
    <ClCompile Include="Core\Engines\Config\ViewFrustumConfig.cpp">
      <Filter>Source Files</Filter>
    </ClCompile>
    <ClCompile Include="Core\IDGenerator.cpp">
      <Filter>Source Files</Filter>
    </ClCompile>
    <ClCompile Include="Inputs\Core\Keyboards\KeyboardInput.cpp">
      <Filter>Source Files</Filter>
    </ClCompile>
    <ClCompile Include="Inputs\Core\Mouses\MouseInput.cpp">
      <Filter>Source Files</Filter>
    </ClCompile>
  </ItemGroup>
  <ItemGroup>
    <ClInclude Include="Utils\StringUtils.h">
      <Filter>Header Files</Filter>
    </ClInclude>
    <ClInclude Include="Utils\IO\FileReader.h">
      <Filter>Header Files</Filter>
    </ClInclude>
    <ClInclude Include="Utils\IO\FileWriter.h">
      <Filter>Header Files</Filter>
    </ClInclude>
    <ClInclude Include="Utils\IO\IFileReader.h">
      <Filter>Header Files</Filter>
    </ClInclude>
    <ClInclude Include="Utils\IO\IFileWriter.h">
      <Filter>Header Files</Filter>
    </ClInclude>
    <ClInclude Include="Utils\GL\GLUtils.h">
      <Filter>Header Files</Filter>
    </ClInclude>
    <ClInclude Include="Utils\IO\IOException.h">
      <Filter>Header Files</Filter>
    </ClInclude>
    <ClInclude Include="Utils\Log\Logger.h">
      <Filter>Header Files</Filter>
    </ClInclude>
    <ClInclude Include="Core\System.h">
      <Filter>Header Files</Filter>
    </ClInclude>
    <ClInclude Include="OpenGL\gl_core_4_4.h">
      <Filter>Header Files</Filter>
    </ClInclude>
    <ClInclude Include="Utils\Math\PrimeSearch.h">
      <Filter>Header Files</Filter>
    </ClInclude>
    <ClInclude Include="Utils\Math\RandomGenerator.h">
      <Filter>Header Files</Filter>
    </ClInclude>
    <ClInclude Include="Utils\Memory\IMemoryPool.h">
      <Filter>Header Files</Filter>
    </ClInclude>
    <ClInclude Include="Utils\Memory\MemoryAllocator.h">
      <Filter>Header Files</Filter>
    </ClInclude>
    <ClInclude Include="Utils\Memory\MemoryPool.h">
      <Filter>Header Files</Filter>
    </ClInclude>
    <ClInclude Include="Render\Scene.h">
      <Filter>Header Files</Filter>
    </ClInclude>
    <ClInclude Include="Render\SceneNode.h">
      <Filter>Header Files</Filter>
    </ClInclude>
    <ClInclude Include="Render\IScene.h">
      <Filter>Header Files</Filter>
    </ClInclude>
    <ClInclude Include="Render\ISceneNode.h">
      <Filter>Header Files</Filter>
    </ClInclude>
    <ClInclude Include="Core\Common.h">
      <Filter>Header Files</Filter>
    </ClInclude>
    <ClInclude Include="Render\Effects\Fog.h">
      <Filter>Header Files</Filter>
    </ClInclude>
    <ClInclude Include="Render\Shaders\Types\AbstractShader.h">
      <Filter>Header Files</Filter>
    </ClInclude>
    <ClInclude Include="Render\Shaders\Types\FragmentShader.h">
      <Filter>Header Files</Filter>
    </ClInclude>
    <ClInclude Include="Render\Shaders\Types\GeometryShader.h">
      <Filter>Header Files</Filter>
    </ClInclude>
    <ClInclude Include="Render\Shaders\Types\IShader.h">
      <Filter>Header Files</Filter>
    </ClInclude>
    <ClInclude Include="Render\Shaders\Types\VertexShader.h">
      <Filter>Header Files</Filter>
    </ClInclude>
    <ClInclude Include="Render\Shaders\IShaderFactory.h">
      <Filter>Header Files</Filter>
    </ClInclude>
    <ClInclude Include="Render\Shaders\IShaderProgram.h">
      <Filter>Header Files</Filter>
    </ClInclude>
    <ClInclude Include="Render\Shaders\ShaderFactory.h">
      <Filter>Header Files</Filter>
    </ClInclude>
    <ClInclude Include="Render\Shaders\ShaderProgram.h">
      <Filter>Header Files</Filter>
    </ClInclude>
    <ClInclude Include="Render\Shaders\ShaderProgramException.h">
      <Filter>Header Files</Filter>
    </ClInclude>
    <ClInclude Include="Render\Fonts\FontException.h">
      <Filter>Header Files</Filter>
    </ClInclude>
    <ClInclude Include="Render\Fonts\FontFactory.h">
      <Filter>Header Files</Filter>
    </ClInclude>
    <ClInclude Include="Render\Fonts\IFontFactory.h">
      <Filter>Header Files</Filter>
    </ClInclude>
    <ClInclude Include="Render\FrameBuffers\FrameBuffer.h">
      <Filter>Header Files</Filter>
    </ClInclude>
    <ClInclude Include="Render\FrameBuffers\FrameBufferException.h">
      <Filter>Header Files</Filter>
    </ClInclude>
    <ClInclude Include="Render\FrameBuffers\FrameBufferFactory.h">
      <Filter>Header Files</Filter>
    </ClInclude>
    <ClInclude Include="Render\FrameBuffers\IFrameBuffer.h">
      <Filter>Header Files</Filter>
    </ClInclude>
    <ClInclude Include="Render\FrameBuffers\IFrameBufferFactory.h">
      <Filter>Header Files</Filter>
    </ClInclude>
    <ClInclude Include="Render\Models\Assimp\AssimpModel.h">
      <Filter>Header Files</Filter>
    </ClInclude>
    <ClInclude Include="Render\Models\Assimp\AssimpModelFactory.h">
      <Filter>Header Files</Filter>
    </ClInclude>
    <ClInclude Include="Render\Models\Assimp\IAssimpModelFactory.h">
      <Filter>Header Files</Filter>
    </ClInclude>
    <ClInclude Include="Render\Models\MD2\MD2Model.h">
      <Filter>Header Files</Filter>
    </ClInclude>
    <ClInclude Include="Render\Models\MD2\MD2ModelFactory.h">
      <Filter>Header Files</Filter>
    </ClInclude>
    <ClInclude Include="Render\Models\AbstractModelFactory.h">
      <Filter>Header Files</Filter>
    </ClInclude>
    <ClInclude Include="Render\Models\IModel.h">
      <Filter>Header Files</Filter>
    </ClInclude>
    <ClInclude Include="Render\Models\ModelException.h">
      <Filter>Header Files</Filter>
    </ClInclude>
    <ClInclude Include="Render\Particles\Particle.h">
      <Filter>Header Files</Filter>
    </ClInclude>
    <ClInclude Include="Render\Particles\ParticleSystemTransformFeedback.h">
      <Filter>Header Files</Filter>
    </ClInclude>
    <ClInclude Include="Render\Particles\ParticleSystemTransformFeedbackSettings.h">
      <Filter>Header Files</Filter>
    </ClInclude>
    <ClInclude Include="Render\Particles\ParticleType.h">
      <Filter>Header Files</Filter>
    </ClInclude>
    <ClInclude Include="Render\Picking\ColorPicking.h">
      <Filter>Header Files</Filter>
    </ClInclude>
    <ClInclude Include="Render\Picking\RayCastingPicking.h">
      <Filter>Header Files</Filter>
    </ClInclude>
    <ClInclude Include="Render\SkyBoxes\ISkyBox.h">
      <Filter>Header Files</Filter>
    </ClInclude>
    <ClInclude Include="Render\SkyBoxes\ISkyBoxFactory.h">
      <Filter>Header Files</Filter>
    </ClInclude>
    <ClInclude Include="Render\SkyBoxes\SkyBox.h">
      <Filter>Header Files</Filter>
    </ClInclude>
    <ClInclude Include="Render\SkyBoxes\SkyBoxFactory.h">
      <Filter>Header Files</Filter>
    </ClInclude>
    <ClInclude Include="Render\Textures\ITexture.h">
      <Filter>Header Files</Filter>
    </ClInclude>
    <ClInclude Include="Render\Textures\ITextureFactory.h">
      <Filter>Header Files</Filter>
    </ClInclude>
    <ClInclude Include="Render\Textures\TextureException.h">
      <Filter>Header Files</Filter>
    </ClInclude>
    <ClInclude Include="Render\Textures\TextureFactory.h">
      <Filter>Header Files</Filter>
    </ClInclude>
    <ClInclude Include="Render\Models\MD2\IMD2ModelFactory.h">
      <Filter>Header Files</Filter>
    </ClInclude>
    <ClInclude Include="Render\Models\MD2\MD2ModelCommon.h">
      <Filter>Header Files</Filter>
    </ClInclude>
    <ClInclude Include="Core\Object.h">
      <Filter>Header Files</Filter>
    </ClInclude>
    <ClInclude Include="Core\Threading\Thread.h">
      <Filter>Header Files</Filter>
    </ClInclude>
    <ClInclude Include="Render\SceneLayout.h">
      <Filter>Header Files</Filter>
    </ClInclude>
    <ClInclude Include="Render\ScenePosition.h">
      <Filter>Header Files</Filter>
    </ClInclude>
    <ClInclude Include="Render\DoubleScene.h">
      <Filter>Header Files</Filter>
    </ClInclude>
    <ClInclude Include="Render\AbstractScene.h">
      <Filter>Header Files</Filter>
    </ClInclude>
    <ClInclude Include="Render\Lightning\DirectionalLight.h">
      <Filter>Header Files</Filter>
    </ClInclude>
    <ClInclude Include="Render\Lightning\Material.h">
      <Filter>Header Files</Filter>
    </ClInclude>
    <ClInclude Include="Render\Lightning\PointLight.h">
      <Filter>Header Files</Filter>
    </ClInclude>
    <ClInclude Include="Render\Lightning\SpotLight.h">
      <Filter>Header Files</Filter>
    </ClInclude>
    <ClInclude Include="Render\Fonts\IFont.h">
      <Filter>Header Files</Filter>
    </ClInclude>
    <ClInclude Include="Render\Fonts\FreeTypeFont\FreeTypeFont.h">
      <Filter>Header Files</Filter>
    </ClInclude>
    <ClInclude Include="Render\Fonts\SimpleFont\SimpleFont.h">
      <Filter>Header Files</Filter>
    </ClInclude>
    <ClInclude Include="Render\Fonts\AbstractFont.h">
      <Filter>Header Files</Filter>
    </ClInclude>
    <ClInclude Include="Core\Config\ConfigExeption.h">
      <Filter>Header Files</Filter>
    </ClInclude>
    <ClInclude Include="Core\Config\AbstractConfig.h">
      <Filter>Header Files</Filter>
    </ClInclude>
    <ClInclude Include="Render\Shaders\Types\TesselationControlShader.h">
      <Filter>Header Files</Filter>
    </ClInclude>
    <ClInclude Include="Render\Shaders\Types\TesselationEvaluationShader.h">
      <Filter>Header Files</Filter>
    </ClInclude>
    <ClInclude Include="Render\Shaders\Types\ComputeShader.h">
      <Filter>Header Files</Filter>
    </ClInclude>
    <ClInclude Include="Render\Models\Static\AbstractDrawableObject.h">
      <Filter>Header Files</Filter>
    </ClInclude>
    <ClInclude Include="Render\Models\Static\Cube.h">
      <Filter>Header Files</Filter>
    </ClInclude>
    <ClInclude Include="Render\Models\Static\CubeStaticData.h">
      <Filter>Header Files</Filter>
    </ClInclude>
    <ClInclude Include="Render\Models\Static\Cylinder.h">
      <Filter>Header Files</Filter>
    </ClInclude>
    <ClInclude Include="Render\Models\Static\Plane.h">
      <Filter>Header Files</Filter>
    </ClInclude>
    <ClInclude Include="Render\Models\Static\Sphere.h">
      <Filter>Header Files</Filter>
    </ClInclude>
    <ClInclude Include="Render\Models\Static\Teapot.h">
      <Filter>Header Files</Filter>
    </ClInclude>
    <ClInclude Include="Render\Models\Static\TeapotData.h">
      <Filter>Header Files</Filter>
    </ClInclude>
    <ClInclude Include="Render\Models\Static\Torus.h">
      <Filter>Header Files</Filter>
    </ClInclude>
    <ClInclude Include="Render\Models\IAnimatedModel.h">
      <Filter>Header Files</Filter>
    </ClInclude>
    <ClInclude Include="Render\Models\ObjModels\IObjModelFactory.h">
      <Filter>Header Files</Filter>
    </ClInclude>
    <ClInclude Include="Render\Models\ObjModels\ObjModel.h">
      <Filter>Header Files</Filter>
    </ClInclude>
    <ClInclude Include="Render\Models\ObjModels\ObjModelFactory.h">
      <Filter>Header Files</Filter>
    </ClInclude>
    <ClInclude Include="Core\Engines\Config\EngineConfig.h">
      <Filter>Header Files</Filter>
    </ClInclude>
    <ClInclude Include="Core\Engines\Config\SceneItemConfig.h">
      <Filter>Header Files</Filter>
    </ClInclude>
    <ClInclude Include="Core\Engines\AbstractEngine.h">
      <Filter>Header Files</Filter>
    </ClInclude>
    <ClInclude Include="Core\Engines\Engine.h">
      <Filter>Header Files</Filter>
    </ClInclude>
    <ClInclude Include="Core\Engines\EngineException.h">
      <Filter>Header Files</Filter>
    </ClInclude>
    <ClInclude Include="Core\Engines\MultipleSceneEngine.h">
      <Filter>Header Files</Filter>
    </ClInclude>
    <ClInclude Include="Render\Frustums\IViewFrustum.h">
      <Filter>Header Files</Filter>
    </ClInclude>
    <ClInclude Include="Render\Frustums\ViewFrustum.h">
      <Filter>Header Files</Filter>
    </ClInclude>
    <ClInclude Include="Render\HeightMaps\HeightMap.h">
      <Filter>Header Files</Filter>
    </ClInclude>
    <ClInclude Include="Render\HeightMaps\HeightMapException.h">
      <Filter>Header Files</Filter>
    </ClInclude>
    <ClInclude Include="Render\HeightMaps\HeightMapFactory.h">
      <Filter>Header Files</Filter>
    </ClInclude>
    <ClInclude Include="Render\HeightMaps\IHeightMap.h">
      <Filter>Header Files</Filter>
    </ClInclude>
    <ClInclude Include="Render\HeightMaps\IHeightMapFactory.h">
      <Filter>Header Files</Filter>
    </ClInclude>
    <ClInclude Include="Render\Cameras\FlyingCamera.h">
      <Filter>Header Files</Filter>
    </ClInclude>
    <ClInclude Include="Render\Cameras\IFlyingCamera.h">
      <Filter>Header Files</Filter>
    </ClInclude>
    <ClInclude Include="Render\Cameras\IWalkingCamera.h">
      <Filter>Header Files</Filter>
    </ClInclude>
    <ClInclude Include="Render\Cameras\WalkingCamera.h">
      <Filter>Header Files</Filter>
    </ClInclude>
    <ClInclude Include="Render\VertexBufferObjects\IVertexBufferObject.h">
      <Filter>Header Files</Filter>
    </ClInclude>
    <ClInclude Include="Render\VertexBufferObjects\VertexBufferObject.h">
      <Filter>Header Files</Filter>
    </ClInclude>
    <ClInclude Include="Windows\GLWindow.h">
      <Filter>Header Files</Filter>
    </ClInclude>
    <ClInclude Include="Windows\GLWindowException.h">
      <Filter>Header Files</Filter>
    </ClInclude>
    <ClInclude Include="Windows\IWindow.h">
      <Filter>Header Files</Filter>
    </ClInclude>
    <ClInclude Include="Windows\MoveDirection.h">
      <Filter>Header Files</Filter>
    </ClInclude>
    <ClInclude Include="Audio\AudioContext.h">
      <Filter>Header Files</Filter>
    </ClInclude>
    <ClInclude Include="Audio\AudioException.h">
      <Filter>Header Files</Filter>
    </ClInclude>
    <ClInclude Include="Audio\Sound.h">
      <Filter>Header Files</Filter>
    </ClInclude>
    <ClInclude Include="Audio\SoundFactory.h">
      <Filter>Header Files</Filter>
    </ClInclude>
    <ClInclude Include="Audio\ISound.h">
      <Filter>Header Files</Filter>
    </ClInclude>
    <ClInclude Include="Audio\ISoundFactory.h">
      <Filter>Header Files</Filter>
    </ClInclude>
    <ClInclude Include="Scripting\Scriptor.h">
      <Filter>Header Files</Filter>
    </ClInclude>
    <ClInclude Include="Scripting\ScriptingException.h">
      <Filter>Header Files</Filter>
    </ClInclude>
    <ClInclude Include="Scripting\LuaAPIHelper.h">
      <Filter>Header Files</Filter>
    </ClInclude>
    <ClInclude Include="Scripting\IScriptor.h">
      <Filter>Header Files</Filter>
    </ClInclude>
    <ClInclude Include="Core\Visitor.h">
      <Filter>Header Files</Filter>
    </ClInclude>
    <ClInclude Include="Utils\Memory\MemoryUtil.h">
      <Filter>Header Files</Filter>
    </ClInclude>
    <ClInclude Include="Core\Engines\Config\OpenGLConfig.h">
      <Filter>Header Files</Filter>
    </ClInclude>
    <ClInclude Include="Core\Threading\STLThread.h">
      <Filter>Header Files</Filter>
    </ClInclude>
    <ClInclude Include="Render\Textures\MinificationTextureFilterType.h">
      <Filter>Header Files</Filter>
    </ClInclude>
    <ClInclude Include="Render\Textures\MagnificationTextureFilterType.h">
      <Filter>Header Files</Filter>
    </ClInclude>
    <ClInclude Include="Utils\Time\Clocks\Clock.h">
      <Filter>Header Files</Filter>
    </ClInclude>
    <ClInclude Include="Utils\Time\Clocks\IClock.h">
      <Filter>Header Files</Filter>
    </ClInclude>
    <ClInclude Include="Utils\Time\Timers\Timer.h">
      <Filter>Header Files</Filter>
    </ClInclude>
    <ClInclude Include="Utils\Serialization\Json\IJsonSerializable.h">
      <Filter>Header Files</Filter>
    </ClInclude>
    <ClInclude Include="Utils\Serialization\Json\JsonSerializer.h">
      <Filter>Header Files</Filter>
    </ClInclude>
    <ClInclude Include="Network\TCP\ITCPClientSocket.h">
      <Filter>Header Files</Filter>
    </ClInclude>
    <ClInclude Include="Network\TCP\TCPClientSocket.h">
      <Filter>Header Files</Filter>
    </ClInclude>
    <ClInclude Include="Network\TCP\TCPStreamClient.h">
      <Filter>Header Files</Filter>
    </ClInclude>
    <ClInclude Include="Network\INetworkClient.h">
      <Filter>Header Files</Filter>
    </ClInclude>
    <ClInclude Include="Network\NetworkClient.h">
      <Filter>Header Files</Filter>
    </ClInclude>
    <ClInclude Include="Network\Commands\INetworkCommand.h">
      <Filter>Header Files</Filter>
    </ClInclude>
    <ClInclude Include="Network\Commands\INetworkCommandFactory.h">
      <Filter>Header Files</Filter>
    </ClInclude>
    <ClInclude Include="Network\Commands\NetworkCommandFactory.h">
      <Filter>Header Files</Filter>
    </ClInclude>
    <ClInclude Include="Utils\Network\HostToIPUtil.h">
      <Filter>Header Files</Filter>
    </ClInclude>
    <ClInclude Include="Core\Caching\GlobalCache.h">
      <Filter>Header Files</Filter>
    </ClInclude>
    <ClInclude Include="Core\Caching\Cache.h">
      <Filter>Header Files</Filter>
    </ClInclude>
    <ClInclude Include="Render\Effects\FogType.h">
      <Filter>Header Files</Filter>
    </ClInclude>
    <ClInclude Include="AI\FSM\IState.h">
      <Filter>Header Files</Filter>
    </ClInclude>
    <ClInclude Include="AI\FSM\StateMachine.h">
      <Filter>Header Files</Filter>
    </ClInclude>
    <ClInclude Include="Render\Lightning\AbstractLight.h">
      <Filter>Header Files</Filter>
    </ClInclude>
    <ClInclude Include="Render\Models\MD2\AnimationType.h">
      <Filter>Header Files</Filter>
    </ClInclude>
    <ClInclude Include="App.h">
      <Filter>Header Files</Filter>
    </ClInclude>
    <ClInclude Include="AppException.h">
      <Filter>Header Files</Filter>
    </ClInclude>
    <ClInclude Include="Utils\Render\RenderUtil.h">
      <Filter>Header Files</Filter>
    </ClInclude>
    <ClInclude Include="Render\Particles\ParticlesException.h">
      <Filter>Header Files</Filter>
    </ClInclude>
    <ClInclude Include="Inputs\Core\Input.h">
      <Filter>Header Files</Filter>
    </ClInclude>
    <ClInclude Include="Inputs\Keyboards\IKeyboardListener.h">
      <Filter>Header Files</Filter>
    </ClInclude>
    <ClInclude Include="Inputs\Keyboards\KeyboardInputComponent.h">
      <Filter>Header Files</Filter>
    </ClInclude>
    <ClInclude Include="Inputs\Mouses\IMouseMoveListener.h">
      <Filter>Header Files</Filter>
    </ClInclude>
    <ClInclude Include="Inputs\Mouses\IMouseButtonListener.h">
      <Filter>Header Files</Filter>
    </ClInclude>
    <ClInclude Include="Inputs\Mouses\IMouseScrollListener.h">
      <Filter>Header Files</Filter>
    </ClInclude>
    <ClInclude Include="Inputs\Mouses\MouseInputComponent.h">
      <Filter>Header Files</Filter>
    </ClInclude>
    <ClInclude Include="Inputs\IInputFacade.h">
      <Filter>Header Files</Filter>
    </ClInclude>
    <ClInclude Include="Inputs\InputFacade.h">
      <Filter>Header Files</Filter>
    </ClInclude>
    <ClInclude Include="Render\Effects\Shadows.h">
      <Filter>Header Files</Filter>
    </ClInclude>
    <ClInclude Include="Render\Effects\IEffect.h">
      <Filter>Header Files</Filter>
    </ClInclude>
    <ClInclude Include="Render\Lightning\ILight.h">
      <Filter>Header Files</Filter>
    </ClInclude>
    <ClInclude Include="Utils\IO\File.h">
      <Filter>Header Files</Filter>
    </ClInclude>
    <ClInclude Include="Render\Shaders\Types\ShaderType.h">
      <Filter>Header Files</Filter>
    </ClInclude>
    <ClInclude Include="Render\Picking\Ray.h">
      <Filter>Header Files</Filter>
    </ClInclude>
    <ClInclude Include="Render\Models\Static\Line.h">
      <Filter>Header Files</Filter>
    </ClInclude>
    <ClInclude Include="Render\Textures\Texture.h">
      <Filter>Header Files</Filter>
    </ClInclude>
    <ClInclude Include="Render\Models\Static\Quad.h">
      <Filter>Header Files</Filter>
    </ClInclude>
    <ClInclude Include="Core\Events\EventHandler.h">
      <Filter>Header Files</Filter>
    </ClInclude>
    <ClInclude Include="Render\Models\MD5\MD5Model.h">
      <Filter>Header Files</Filter>
    </ClInclude>
    <ClInclude Include="Utils\Math\Common.h">
      <Filter>Header Files</Filter>
    </ClInclude>
    <ClInclude Include="Render\Models\MD5\MD5ModelFactory.h">
      <Filter>Header Files</Filter>
    </ClInclude>
    <ClInclude Include="Render\Models\MD5\IMD5ModelFactory.h">
      <Filter>Header Files</Filter>
    </ClInclude>
    <ClInclude Include="Utils\Log\LoggerException.h">
      <Filter>Header Files</Filter>
    </ClInclude>
    <ClInclude Include="Render\Models\MD5\MeshEntry.h">
      <Filter>Header Files</Filter>
    </ClInclude>
    <ClInclude Include="Render\Models\MD5\AIToGLMUtil.h">
      <Filter>Header Files</Filter>
    </ClInclude>
    <ClInclude Include="Render\Models\MD5\BoneInfo.h">
      <Filter>Header Files</Filter>
    </ClInclude>
    <ClInclude Include="Render\Models\MD5\VertexBoneData.h">
      <Filter>Header Files</Filter>
    </ClInclude>
    <ClInclude Include="Render\Shaders\ShaderProgramStatus.h">
      <Filter>Header Files</Filter>
    </ClInclude>
    <ClInclude Include="Render\Shaders\ShaderProgramBuilder.h">
      <Filter>Header Files</Filter>
    </ClInclude>
    <ClInclude Include="Render\Shaders\IShaderProgramBuilder.h">
      <Filter>Header Files</Filter>
    </ClInclude>
    <ClInclude Include="Core\Engines\Config\ViewFrustumConfig.h">
      <Filter>Header Files</Filter>
    </ClInclude>
    <ClInclude Include="Core\IDGenerator.h">
      <Filter>Header Files</Filter>
    </ClInclude>
    <ClInclude Include="Core\Threading\IThread.h">
      <Filter>Header Files</Filter>
    </ClInclude>
    <ClInclude Include="Core\Nullable.h">
      <Filter>Header Files</Filter>
    </ClInclude>
    <ClInclude Include="Core\Observer.h">
      <Filter>Header Files</Filter>
    </ClInclude>
    <ClInclude Include="Utils\Time\Timers\ITimer.h">
      <Filter>Header Files</Filter>
    </ClInclude>
    <ClInclude Include="Network\INetworkObservable.h">
      <Filter>Header Files</Filter>
    </ClInclude>
    <ClInclude Include="Utils\Time\Timers\ITimerObservable.h">
      <Filter>Header Files</Filter>
    </ClInclude>
    <ClInclude Include="Core\Events\CoreEvents.h">
      <Filter>Header Files</Filter>
    </ClInclude>
    <ClInclude Include="Core\Events\BaseEvent.h">
      <Filter>Header Files</Filter>
    </ClInclude>
    <ClInclude Include="Inputs\Core\Keyboards\KeyboardInput.h">
      <Filter>Header Files</Filter>
    </ClInclude>
    <ClInclude Include="Inputs\Core\Mouses\MouseInput.h">
      <Filter>Header Files</Filter>
    </ClInclude>
    <ClInclude Include="Inputs\Core\Keyboards\KeyboardEvents.h">
      <Filter>Header Files</Filter>
    </ClInclude>
    <ClInclude Include="Inputs\Core\Mouses\MouseEvents.h">
      <Filter>Header Files</Filter>
    </ClInclude>
    <ClInclude Include="Render\Frustums\ViewFrustumEvents.h">
      <Filter>Header Files</Filter>
    </ClInclude>
    <ClInclude Include="Windows\WindowEvents.h">
      <Filter>Header Files</Filter>
    </ClInclude>
    <ClInclude Include="Core\Events\EventChannel.h">
      <Filter>Header Files</Filter>
    </ClInclude>
    <ClInclude Include="Core\Events\EventChannelQueue.h">
      <Filter>Header Files</Filter>
    </ClInclude>
  </ItemGroup>
  <ItemGroup>
    <None Include="vld.ini" />
  </ItemGroup>
</Project>